
Microsoft Visual Studio Solution File, Format Version 12.00
# Visual Studio Version 17
VisualStudioVersion = 17.2.32630.192
MinimumVisualStudioVersion = 10.0.40219.1
Project("{9A19103F-16F7-4668-BE54-9A1E7A4F7556}") = "GestionUsuarios", "GestionUsuarios\GestionUsuarios.csproj", "{9BA28A96-0AA3-4BA1-9FBE-62AABB5166BC}"
EndProject
Global
	GlobalSection(SolutionConfigurationPlatforms) = preSolution
		Debug|Any CPU = Debug|Any CPU
		Release|Any CPU = Release|Any CPU
	EndGlobalSection
	GlobalSection(ProjectConfigurationPlatforms) = postSolution
		{9BA28A96-0AA3-4BA1-9FBE-62AABB5166BC}.Debug|Any CPU.ActiveCfg = Debug|Any CPU
		{9BA28A96-0AA3-4BA1-9FBE-62AABB5166BC}.Debug|Any CPU.Build.0 = Debug|Any CPU
		{9BA28A96-0AA3-4BA1-9FBE-62AABB5166BC}.Release|Any CPU.ActiveCfg = Release|Any CPU
		{9BA28A96-0AA3-4BA1-9FBE-62AABB5166BC}.Release|Any CPU.Build.0 = Release|Any CPU
	EndGlobalSection
	GlobalSection(SolutionProperties) = preSolution
		HideSolutionNode = FALSE
	EndGlobalSection
	GlobalSection(ExtensibilityGlobals) = postSolution
		SolutionGuid = {027933EC-7CAE-49B3-9F7E-0E080766FA1E}
	EndGlobalSection
EndGlobal
